// !$*UTF8*$!
{
	archiveVersion = 1;
	classes = {
	};
	objectVersion = 46;
	objects = {

/* Begin PBXBuildFile section */
		20F950961BBA9F4B00E64891 /* AppDelegate.swift in Sources */ = {isa = PBXBuildFile; fileRef = 20F950951BBA9F4B00E64891 /* AppDelegate.swift */; };
		20F950981BBA9F4B00E64891 /* ViewController.swift in Sources */ = {isa = PBXBuildFile; fileRef = 20F950971BBA9F4B00E64891 /* ViewController.swift */; };
		20F9509B1BBA9F4B00E64891 /* Main.storyboard in Resources */ = {isa = PBXBuildFile; fileRef = 20F950991BBA9F4B00E64891 /* Main.storyboard */; };
		20F9509D1BBA9F4B00E64891 /* Assets.xcassets in Resources */ = {isa = PBXBuildFile; fileRef = 20F9509C1BBA9F4B00E64891 /* Assets.xcassets */; };
		20F950A01BBA9F4B00E64891 /* LaunchScreen.storyboard in Resources */ = {isa = PBXBuildFile; fileRef = 20F9509E1BBA9F4B00E64891 /* LaunchScreen.storyboard */; };
/* End PBXBuildFile section */

/* Begin PBXFileReference section */
		20F950921BBA9F4B00E64891 /* HelloSwift.app */ = {isa = PBXFileReference; explicitFileType = wrapper.application; includeInIndex = 0; path = HelloSwift.app; sourceTree = BUILT_PRODUCTS_DIR; };
		20F950951BBA9F4B00E64891 /* AppDelegate.swift */ = {isa = PBXFileReference; lastKnownFileType = sourcecode.swift; path = AppDelegate.swift; sourceTree = "<group>"; };
		20F950971BBA9F4B00E64891 /* ViewController.swift */ = {isa = PBXFileReference; lastKnownFileType = sourcecode.swift; path = ViewController.swift; sourceTree = "<group>"; };
		20F9509A1BBA9F4B00E64891 /* Base */ = {isa = PBXFileReference; lastKnownFileType = file.storyboard; name = Base; path = Base.lproj/Main.storyboard; sourceTree = "<group>"; };
		20F9509C1BBA9F4B00E64891 /* Assets.xcassets */ = {isa = PBXFileReference; lastKnownFileType = folder.assetcatalog; path = Assets.xcassets; sourceTree = "<group>"; };
		20F9509F1BBA9F4B00E64891 /* Base */ = {isa = PBXFileReference; lastKnownFileType = file.storyboard; name = Base; path = Base.lproj/LaunchScreen.storyboard; sourceTree = "<group>"; };
		20F950A11BBA9F4B00E64891 /* Info.plist */ = {isa = PBXFileReference; lastKnownFileType = text.plist.xml; path = Info.plist; sourceTree = "<group>"; };
/* End PBXFileReference section */

/* Begin PBXFrameworksBuildPhase section */
		20F9508F1BBA9F4B00E64891 /* Frameworks */ = {
			isa = PBXFrameworksBuildPhase;
			buildActionMask = 2147483647;
			files = (
			);
			runOnlyForDeploymentPostprocessing = 0;
		};
/* End PBXFrameworksBuildPhase section */

/* Begin PBXGroup section */
		20F950891BBA9F4B00E64891 = {
			isa = PBXGroup;
			children = (
				20F950941BBA9F4B00E64891 /* HelloSwift */,
				20F950931BBA9F4B00E64891 /* Products */,
			);
			sourceTree = "<group>";
		};
		20F950931BBA9F4B00E64891 /* Products */ = {
			isa = PBXGroup;
			children = (
				20F950921BBA9F4B00E64891 /* HelloSwift.app */,
			);
			name = Products;
			sourceTree = "<group>";
		};
		20F950941BBA9F4B00E64891 /* HelloSwift */ = {
			isa = PBXGroup;
			children = (
				20F950951BBA9F4B00E64891 /* AppDelegate.swift */,
				20F950971BBA9F4B00E64891 /* ViewController.swift */,
				20F950991BBA9F4B00E64891 /* Main.storyboard */,
				20F9509C1BBA9F4B00E64891 /* Assets.xcassets */,
				20F9509E1BBA9F4B00E64891 /* LaunchScreen.storyboard */,
				20F950A11BBA9F4B00E64891 /* Info.plist */,
			);
			path = HelloSwift;
			sourceTree = "<group>";
		};
/* End PBXGroup section */

/* Begin PBXNativeTarget section */
		20F950911BBA9F4B00E64891 /* HelloSwift */ = {
			isa = PBXNativeTarget;
			buildConfigurationList = 20F950A41BBA9F4B00E64891 /* Build configuration list for PBXNativeTarget "HelloSwift" */;
			buildPhases = (
				20F9508E1BBA9F4B00E64891 /* Sources */,
				20F9508F1BBA9F4B00E64891 /* Frameworks */,
				20F950901BBA9F4B00E64891 /* Resources */,
			);
			buildRules = (
			);
			dependencies = (
			);
			name = HelloSwift;
			productName = HelloSwift;
			productReference = 20F950921BBA9F4B00E64891 /* HelloSwift.app */;
			productType = "com.apple.product-type.application";
		};
/* End PBXNativeTarget section */

/* Begin PBXProject section */
		20F9508A1BBA9F4B00E64891 /* Project object */ = {
			isa = PBXProject;
			attributes = {
				LastUpgradeCheck = 0700;
				ORGANIZATIONNAME = Swiftcasts;
				TargetAttributes = {
					20F950911BBA9F4B00E64891 = {
						CreatedOnToolsVersion = 7.0.1;
					};
				};
			};
			buildConfigurationList = 20F9508D1BBA9F4B00E64891 /* Build configuration list for PBXProject "HelloSwift" */;
			compatibilityVersion = "Xcode 3.2";
			developmentRegion = English;
			hasScannedForEncodings = 0;
			knownRegions = (
				en,
				Base,
			);
			mainGroup = 20F950891BBA9F4B00E64891;
			productRefGroup = 20F950931BBA9F4B00E64891 /* Products */;
			projectDirPath = "";
			projectRoot = "";
			targets = (
				20F950911BBA9F4B00E64891 /* HelloSwift */,
			);
		};
/* End PBXProject section */

/* Begin PBXResourcesBuildPhase section */
		20F950901BBA9F4B00E64891 /* Resources */ = {
			isa = PBXResourcesBuildPhase;
			buildActionMask = 2147483647;
			files = (
				20F950A01BBA9F4B00E64891 /* LaunchScreen.storyboard in Resources */,
				20F9509D1BBA9F4B00E64891 /* Assets.xcassets in Resources */,
				20F9509B1BBA9F4B00E64891 /* Main.storyboard in Resources */,
			);
			runOnlyForDeploymentPostprocessing = 0;
		};
/* End PBXResourcesBuildPhase section */

/* Begin PBXSourcesBuildPhase section */
		20F9508E1BBA9F4B00E64891 /* Sources */ = {
			isa = PBXSourcesBuildPhase;
			buildActionMask = 2147483647;
			files = (
				20F950981BBA9F4B00E64891 /* ViewController.swift in Sources */,
				20F950961BBA9F4B00E64891 /* AppDelegate.swift in Sources */,
			);
			runOnlyForDeploymentPostprocessing = 0;
		};
/* End PBXSourcesBuildPhase section */

/* Begin PBXVariantGroup section */
		20F950991BBA9F4B00E64891 /* Main.storyboard */ = {
			isa = PBXVariantGroup;
			children = (
				20F9509A1BBA9F4B00E64891 /* Base */,
			);
			name = Main.storyboard;
			sourceTree = "<group>";
		};
		20F9509E1BBA9F4B00E64891 /* LaunchScreen.storyboard */ = {
			isa = PBXVariantGroup;
			children = (
				20F9509F1BBA9F4B00E64891 /* Base */,
			);
			name = LaunchScreen.storyboard;
			sourceTree = "<group>";
		};
/* End PBXVariantGroup section */

/* Begin XCBuildConfiguration section */
		20F950A21BBA9F4B00E64891 /* Debug */ = {
			isa = XCBuildConfiguration;
			buildSettings = {
				ALWAYS_SEARCH_USER_PATHS = NO;
				CLANG_CXX_LANGUAGE_STANDARD = "gnu++0x";
				CLANG_CXX_LIBRARY = "libc++";
				CLANG_ENABLE_MODULES = YES;
				CLANG_ENABLE_OBJC_ARC = YES;
				CLANG_WARN_BOOL_CONVERSION = YES;
				CLANG_WARN_CONSTANT_CONVERSION = YES;
				CLANG_WARN_DIRECT_OBJC_ISA_USAGE = YES_ERROR;
				CLANG_WARN_EMPTY_BODY = YES;
				CLANG_WARN_ENUM_CONVERSION = YES;
				CLANG_WARN_INT_CONVERSION = YES;
				CLANG_WARN_OBJC_ROOT_CLASS = YES_ERROR;
				CLANG_WARN_UNREACHABLE_CODE = YES;
				CLANG_WARN__DUPLICATE_METHOD_MATCH = YES;
				"CODE_SIGN_IDENTITY[sdk=iphoneos*]" = "iPhone Developer";
				COPY_PHASE_STRIP = NO;
				DEBUG_INFORMATION_FORMAT = dwarf;
				ENABLE_STRICT_OBJC_MSGSEND = YES;
				ENABLE_TESTABILITY = YES;
				GCC_C_LANGUAGE_STANDARD = gnu99;
				GCC_DYNAMIC_NO_PIC = NO;
				GCC_NO_COMMON_BLOCKS = YES;
				GCC_OPTIMIZATION_LEVEL = 0;
				GCC_PREPROCESSOR_DEFINITIONS = (
					"DEBUG=1",
					"$(inherited)",
				);
				GCC_WARN_64_TO_32_BIT_CONVERSION = YES;
				GCC_WARN_ABOUT_RETURN_TYPE = YES_ERROR;
				GCC_WARN_UNDECLARED_SELECTOR = YES;
				GCC_WARN_UNINITIALIZED_AUTOS = YES_AGGRESSIVE;
				GCC_WARN_UNUSED_FUNCTION = YES;
				GCC_WARN_UNUSED_VARIABLE = YES;
				IPHONEOS_DEPLOYMENT_TARGET = 9.0;
				MTL_ENABLE_DEBUG_INFO = YES;
				ONLY_ACTIVE_ARCH = YES;
				SDKROOT = iphoneos;
				SWIFT_OPTIMIZATION_LEVEL = "-Onone";
			};
			name = Debug;
		};
		20F950A31BBA9F4B00E64891 /* Release */ = {
			isa = XCBuildConfiguration;
			buildSettings = {
				ALWAYS_SEARCH_USER_PATHS = NO;
				CLANG_CXX_LANGUAGE_STANDARD = "gnu++0x";
				CLANG_CXX_LIBRARY = "libc++";
				CLANG_ENABLE_MODULES = YES;
				CLANG_ENABLE_OBJC_ARC = YES;
				CLANG_WARN_BOOL_CONVERSION = YES;
				CLANG_WARN_CONSTANT_CONVERSION = YES;
				CLANG_WARN_DIRECT_OBJC_ISA_USAGE = YES_ERROR;
				CLANG_WARN_EMPTY_BODY = YES;
				CLANG_WARN_ENUM_CONVERSION = YES;
				CLANG_WARN_INT_CONVERSION = YES;
				CLANG_WARN_OBJC_ROOT_CLASS = YES_ERROR;
				CLANG_WARN_UNREACHABLE_CODE = YES;
				CLANG_WARN__DUPLICATE_METHOD_MATCH = YES;
				"CODE_SIGN_IDENTITY[sdk=iphoneos*]" = "iPhone Developer";
				COPY_PHASE_STRIP = NO;
				DEBUG_INFORMATION_FORMAT = "dwarf-with-dsym";
				ENABLE_NS_ASSERTIONS = NO;
				ENABLE_STRICT_OBJC_MSGSEND = YES;
				GCC_C_LANGUAGE_STANDARD = gnu99;
				GCC_NO_COMMON_BLOCKS = YES;
				GCC_WARN_64_TO_32_BIT_CONVERSION = YES;
				GCC_WARN_ABOUT_RETURN_TYPE = YES_ERROR;
				GCC_WARN_UNDECLARED_SELECTOR = YES;
				GCC_WARN_UNINITIALIZED_AUTOS = YES_AGGRESSIVE;
				GCC_WARN_UNUSED_FUNCTION = YES;
				GCC_WARN_UNUSED_VARIABLE = YES;
				IPHONEOS_DEPLOYMENT_TARGET = 9.0;
				MTL_ENABLE_DEBUG_INFO = NO;
				SDKROOT = iphoneos;
				VALIDATE_PRODUCT = YES;
			};
			name = Release;
		};
		20F950A51BBA9F4B00E64891 /* Debug */ = {
			isa = XCBuildConfiguration;
			buildSettings = {
				ASSETCATALOG_COMPILER_APPICON_NAME = AppIcon;
				INFOPLIST_FILE = HelloSwift/Info.plist;
				LD_RUNPATH_SEARCH_PATHS = "$(inherited) @executable_path/Frameworks";
				PRODUCT_BUNDLE_IDENTIFIER = com.swiftcasts.HelloSwift;
				PRODUCT_NAME = "$(TARGET_NAME)";
			};
			name = Debug;
		};
		20F950A61BBA9F4B00E64891 /* Release */ = {
			isa = XCBuildConfiguration;
			buildSettings = {
				ASSETCATALOG_COMPILER_APPICON_NAME = AppIcon;
				INFOPLIST_FILE = HelloSwift/Info.plist;
				LD_RUNPATH_SEARCH_PATHS = "$(inherited) @executable_path/Frameworks";
				PRODUCT_BUNDLE_IDENTIFIER = com.swiftcasts.HelloSwift;
				PRODUCT_NAME = "$(TARGET_NAME)";
			};
			name = Release;
		};
/* End XCBuildConfiguration section */

/* Begin XCConfigurationList section */
		20F9508D1BBA9F4B00E64891 /* Build configuration list for PBXProject "HelloSwift" */ = {
			isa = XCConfigurationList;
			buildConfigurations = (
				20F950A21BBA9F4B00E64891 /* Debug */,
				20F950A31BBA9F4B00E64891 /* Release */,
			);
			defaultConfigurationIsVisible = 0;
			defaultConfigurationName = Release;
		};
		20F950A41BBA9F4B00E64891 /* Build configuration list for PBXNativeTarget "HelloSwift" */ = {
			isa = XCConfigurationList;
			buildConfigurations = (
				20F950A51BBA9F4B00E64891 /* Debug */,
				20F950A61BBA9F4B00E64891 /* Release */,
			);
			defaultConfigurationIsVisible = 0;
		};
/* End XCConfigurationList section */
	};
	rootObject = 20F9508A1BBA9F4B00E64891 /* Project object */;
}
